
Microsoft Visual Studio Solution File, Format Version 12.00
# Visual Studio 15
VisualStudioVersion = 15.0.27703.2035
MinimumVisualStudioVersion = 10.0.40219.1
Project("{9A19103F-16F7-4668-BE54-9A1E7A4F7556}") = "Server", "Server\Server.csproj", "{20342625-F326-4E20-99D4-943E95266B82}"
EndProject
Project("{FAE04EC0-301F-11D3-BF4B-00C04F79EFBC}") = "Client", "Client\Client.csproj", "{80001640-D233-4BF4-9741-051BA1C4E268}"
EndProject
Project("{FAE04EC0-301F-11D3-BF4B-00C04F79EFBC}") = "Model", "Model\Model.csproj", "{DEF057B0-BDED-4CAD-A449-E9C8F21EFB7D}"
EndProject
Project("{FAE04EC0-301F-11D3-BF4B-00C04F79EFBC}") = "UnitTestProject", "UnitTestProject\UnitTestProject.csproj", "{7EDC9759-2CD3-4219-9619-32B33264BAEC}"
EndProject
Global
	GlobalSection(SolutionConfigurationPlatforms) = preSolution
		Debug|Any CPU = Debug|Any CPU
		Release|Any CPU = Release|Any CPU
	EndGlobalSection
	GlobalSection(ProjectConfigurationPlatforms) = postSolution
		{20342625-F326-4E20-99D4-943E95266B82}.Debug|Any CPU.ActiveCfg = Debug|Any CPU
		{20342625-F326-4E20-99D4-943E95266B82}.Debug|Any CPU.Build.0 = Debug|Any CPU
		{20342625-F326-4E20-99D4-943E95266B82}.Release|Any CPU.ActiveCfg = Release|Any CPU
		{20342625-F326-4E20-99D4-943E95266B82}.Release|Any CPU.Build.0 = Release|Any CPU
		{80001640-D233-4BF4-9741-051BA1C4E268}.Debug|Any CPU.ActiveCfg = Debug|Any CPU
		{80001640-D233-4BF4-9741-051BA1C4E268}.Debug|Any CPU.Build.0 = Debug|Any CPU
		{80001640-D233-4BF4-9741-051BA1C4E268}.Release|Any CPU.ActiveCfg = Release|Any CPU
		{80001640-D233-4BF4-9741-051BA1C4E268}.Release|Any CPU.Build.0 = Release|Any CPU
		{DEF057B0-BDED-4CAD-A449-E9C8F21EFB7D}.Debug|Any CPU.ActiveCfg = Debug|Any CPU
		{DEF057B0-BDED-4CAD-A449-E9C8F21EFB7D}.Debug|Any CPU.Build.0 = Debug|Any CPU
		{DEF057B0-BDED-4CAD-A449-E9C8F21EFB7D}.Release|Any CPU.ActiveCfg = Release|Any CPU
		{DEF057B0-BDED-4CAD-A449-E9C8F21EFB7D}.Release|Any CPU.Build.0 = Release|Any CPU
		{7EDC9759-2CD3-4219-9619-32B33264BAEC}.Debug|Any CPU.ActiveCfg = Debug|Any CPU
		{7EDC9759-2CD3-4219-9619-32B33264BAEC}.Debug|Any CPU.Build.0 = Debug|Any CPU
		{7EDC9759-2CD3-4219-9619-32B33264BAEC}.Release|Any CPU.ActiveCfg = Release|Any CPU
		{7EDC9759-2CD3-4219-9619-32B33264BAEC}.Release|Any CPU.Build.0 = Release|Any CPU
	EndGlobalSection
	GlobalSection(SolutionProperties) = preSolution
		HideSolutionNode = FALSE
	EndGlobalSection
	GlobalSection(ExtensibilityGlobals) = postSolution
		SolutionGuid = {E38421DA-CFC9-47F1-AAE6-D86DBCE28504}
	EndGlobalSection
EndGlobal
